
Microsoft Visual Studio Solution File, Format Version 12.00
# Visual Studio Version 17
VisualStudioVersion = 17.8.34525.116
MinimumVisualStudioVersion = 10.0.40219.1
Project("{8BC9CEB8-8B4A-11D0-8D11-00A0C91BC942}") = "Project3", "Project3\Project3.vcxproj", "{224668CB-5D9E-48A9-BE3B-9FC13784B144}"
EndProject
Global
	GlobalSection(SolutionConfigurationPlatforms) = preSolution
		Debug|x64 = Debug|x64
		Debug|x86 = Debug|x86
		Release|x64 = Release|x64
		Release|x86 = Release|x86
	EndGlobalSection
	GlobalSection(ProjectConfigurationPlatforms) = postSolution
		{224668CB-5D9E-48A9-BE3B-9FC13784B144}.Debug|x64.ActiveCfg = Debug|x64
		{224668CB-5D9E-48A9-BE3B-9FC13784B144}.Debug|x64.Build.0 = Debug|x64
		{224668CB-5D9E-48A9-BE3B-9FC13784B144}.Debug|x86.ActiveCfg = Debug|Win32
		{224668CB-5D9E-48A9-BE3B-9FC13784B144}.Debug|x86.Build.0 = Debug|Win32
		{224668CB-5D9E-48A9-BE3B-9FC13784B144}.Release|x64.ActiveCfg = Release|x64
		{224668CB-5D9E-48A9-BE3B-9FC13784B144}.Release|x64.Build.0 = Release|x64
		{224668CB-5D9E-48A9-BE3B-9FC13784B144}.Release|x86.ActiveCfg = Release|Win32
		{224668CB-5D9E-48A9-BE3B-9FC13784B144}.Release|x86.Build.0 = Release|Win32
	EndGlobalSection
	GlobalSection(SolutionProperties) = preSolution
		HideSolutionNode = FALSE
	EndGlobalSection
	GlobalSection(ExtensibilityGlobals) = postSolution
		SolutionGuid = {BD0EF3BB-95C0-4237-871E-5D4286C18F69}
	EndGlobalSection
EndGlobal
